
Microsoft Visual Studio Solution File, Format Version 12.00
# Visual Studio Version 17
VisualStudioVersion = 17.8.34330.188
MinimumVisualStudioVersion = 10.0.40219.1
Project("{FAE04EC0-301F-11D3-BF4B-00C04F79EFBC}") = "programming technologies #6", "programming technologies #6\programming technologies #6.csproj", "{BD47AF6F-6719-4E5C-A08E-2905EED0B4C3}"
EndProject
Project("{FAE04EC0-301F-11D3-BF4B-00C04F79EFBC}") = "TestProject1", "TestProject1\TestProject1.csproj", "{709039A2-F7E1-4C20-9E40-D30D598C3463}"
EndProject
Global
	GlobalSection(SolutionConfigurationPlatforms) = preSolution
		Debug|Any CPU = Debug|Any CPU
		Release|Any CPU = Release|Any CPU
	EndGlobalSection
	GlobalSection(ProjectConfigurationPlatforms) = postSolution
		{BD47AF6F-6719-4E5C-A08E-2905EED0B4C3}.Debug|Any CPU.ActiveCfg = Debug|Any CPU
		{BD47AF6F-6719-4E5C-A08E-2905EED0B4C3}.Debug|Any CPU.Build.0 = Debug|Any CPU
		{BD47AF6F-6719-4E5C-A08E-2905EED0B4C3}.Release|Any CPU.ActiveCfg = Release|Any CPU
		{BD47AF6F-6719-4E5C-A08E-2905EED0B4C3}.Release|Any CPU.Build.0 = Release|Any CPU
		{709039A2-F7E1-4C20-9E40-D30D598C3463}.Debug|Any CPU.ActiveCfg = Debug|Any CPU
		{709039A2-F7E1-4C20-9E40-D30D598C3463}.Debug|Any CPU.Build.0 = Debug|Any CPU
		{709039A2-F7E1-4C20-9E40-D30D598C3463}.Release|Any CPU.ActiveCfg = Release|Any CPU
		{709039A2-F7E1-4C20-9E40-D30D598C3463}.Release|Any CPU.Build.0 = Release|Any CPU
	EndGlobalSection
	GlobalSection(SolutionProperties) = preSolution
		HideSolutionNode = FALSE
	EndGlobalSection
	GlobalSection(ExtensibilityGlobals) = postSolution
		SolutionGuid = {4AE43777-A4BC-4331-BF1A-7A10DC6FD484}
	EndGlobalSection
EndGlobal
